SITE
  remote: https://supermarket.getchef.com/api/v1
  specs:
    homebrew (3.0.0)

PATH
  remote: site-cookbooks/base
  specs:
    base (0.0.0)

PATH
  remote: site-cookbooks/git
  specs:
    git (0.0.0)
      base (>= 0.0.0)
      homebrew (>= 0.0.0)

PATH
  remote: site-cookbooks/osx
  specs:
    osx (0.0.0)

PATH
  remote: site-cookbooks/osx-settings
  specs:
    osx-settings (0.0.0)
      base (>= 0.0.0)
      osx (>= 0.0.0)

PATH
  remote: site-cookbooks/postgresql
  specs:
    postgresql (0.0.0)
      base (>= 0.0.0)
      homebrew (>= 0.0.0)

PATH
  remote: site-cookbooks/pyenv
  specs:
    pyenv (0.0.0)
      base (>= 0.0.0)
      homebrew (>= 0.0.0)

PATH
  remote: site-cookbooks/python
  specs:
    python (0.0.0)
      base (>= 0.0.0)

PATH
  remote: site-cookbooks/rbenv
  specs:
    rbenv (0.0.0)
      base (>= 0.0.0)
      homebrew (>= 0.0.0)

PATH
  remote: site-cookbooks/ruby
  specs:
    ruby (0.0.0)
      base (>= 0.0.0)

PATH
  remote: site-cookbooks/terminal
  specs:
    terminal (0.0.0)
      base (>= 0.0.0)
      osx (>= 0.0.0)

PATH
  remote: site-cookbooks/vim
  specs:
    vim (0.0.0)
      base (>= 0.0.0)

DEPENDENCIES
  base (>= 0)
  git (>= 0)
  homebrew (>= 0)
  osx (>= 0)
  osx-settings (>= 0)
  postgresql (>= 0)
  pyenv (>= 0)
  python (>= 0)
  rbenv (>= 0)
  ruby (>= 0)
  terminal (>= 0)
  vim (>= 0)

